
Microsoft Visual Studio Solution File, Format Version 11.00
# Visual Studio 2010
Project("{F184B08F-C81C-45F6-A57F-5ABD9991F28F}") = "MATRIXCAL", "MATRIXCAL\MATRIXCAL.vbproj", "{807FA6F5-BD19-4E02-BDF6-9E307F9ED2FD}"
EndProject
Global
	GlobalSection(SolutionConfigurationPlatforms) = preSolution
		Debug|x64 = Debug|x64
		Debug|x86 = Debug|x86
		Release|x64 = Release|x64
		Release|x86 = Release|x86
		Test|x64 = Test|x64
		Test|x86 = Test|x86
		Test0|x64 = Test0|x64
		Test0|x86 = Test0|x86
	EndGlobalSection
	GlobalSection(ProjectConfigurationPlatforms) = postSolution
		{807FA6F5-BD19-4E02-BDF6-9E307F9ED2FD}.Debug|x64.ActiveCfg = Debug|x64
		{807FA6F5-BD19-4E02-BDF6-9E307F9ED2FD}.Debug|x64.Build.0 = Debug|x64
		{807FA6F5-BD19-4E02-BDF6-9E307F9ED2FD}.Debug|x86.ActiveCfg = Debug|x86
		{807FA6F5-BD19-4E02-BDF6-9E307F9ED2FD}.Debug|x86.Build.0 = Debug|x86
		{807FA6F5-BD19-4E02-BDF6-9E307F9ED2FD}.Release|x64.ActiveCfg = Release|x64
		{807FA6F5-BD19-4E02-BDF6-9E307F9ED2FD}.Release|x64.Build.0 = Release|x64
		{807FA6F5-BD19-4E02-BDF6-9E307F9ED2FD}.Release|x86.ActiveCfg = Release|x86
		{807FA6F5-BD19-4E02-BDF6-9E307F9ED2FD}.Release|x86.Build.0 = Release|x86
		{807FA6F5-BD19-4E02-BDF6-9E307F9ED2FD}.Test|x64.ActiveCfg = Test|x64
		{807FA6F5-BD19-4E02-BDF6-9E307F9ED2FD}.Test|x64.Build.0 = Test|x64
		{807FA6F5-BD19-4E02-BDF6-9E307F9ED2FD}.Test|x86.ActiveCfg = Test|x86
		{807FA6F5-BD19-4E02-BDF6-9E307F9ED2FD}.Test|x86.Build.0 = Test|x86
		{807FA6F5-BD19-4E02-BDF6-9E307F9ED2FD}.Test0|x64.ActiveCfg = Test0|x64
		{807FA6F5-BD19-4E02-BDF6-9E307F9ED2FD}.Test0|x64.Build.0 = Test0|x64
		{807FA6F5-BD19-4E02-BDF6-9E307F9ED2FD}.Test0|x86.ActiveCfg = Test0|x86
		{807FA6F5-BD19-4E02-BDF6-9E307F9ED2FD}.Test0|x86.Build.0 = Test0|x86
	EndGlobalSection
	GlobalSection(SolutionProperties) = preSolution
		HideSolutionNode = FALSE
	EndGlobalSection
EndGlobal
